
Microsoft Visual Studio Solution File, Format Version 12.00
# Visual Studio Version 17
VisualStudioVersion = 17.6.33815.320
MinimumVisualStudioVersion = 10.0.40219.1
Project("{8BC9CEB8-8B4A-11D0-8D11-00A0C91BC942}") = "Luhame", "Luhame\Luhame.vcxproj", "{F3EA1D65-26C2-4DAB-ADDA-46EB8D92CD7C}"
EndProject
Project("{8BC9CEB8-8B4A-11D0-8D11-00A0C91BC942}") = "Yaml", "Yaml\Yaml.vcxproj", "{16E4C316-E4B9-42B2-AD14-76988A641FC5}"
EndProject
Project("{8BC9CEB8-8B4A-11D0-8D11-00A0C91BC942}") = "Spdlog", "Spdlog\Spdlog.vcxproj", "{049DD91E-80AC-4B92-B2C2-E5742A7F1A43}"
EndProject
Project("{8BC9CEB8-8B4A-11D0-8D11-00A0C91BC942}") = "GLM", "GLM\GLM.vcxproj", "{4505CF53-14C6-4016-B741-06880C06A714}"
EndProject
Project("{8BC9CEB8-8B4A-11D0-8D11-00A0C91BC942}") = "GLFW", "GLFW\GLFW.vcxproj", "{DCF34441-4AD7-4975-A711-60B0EB24BF98}"
EndProject
Project("{8BC9CEB8-8B4A-11D0-8D11-00A0C91BC942}") = "GLAD", "GLAD\GLAD.vcxproj", "{72301E74-A607-42FF-937A-B9909260AEB4}"
EndProject
Project("{8BC9CEB8-8B4A-11D0-8D11-00A0C91BC942}") = "IMGUI", "IMGUI\IMGUI.vcxproj", "{C846B0F4-2203-4E34-B3ED-68837B57A0DA}"
EndProject
Project("{8BC9CEB8-8B4A-11D0-8D11-00A0C91BC942}") = "SDL", "SDL\SDL.vcxproj", "{E38D5F7A-BB77-4EB2-8DC9-8981E2890E58}"
EndProject
Global
	GlobalSection(SolutionConfigurationPlatforms) = preSolution
		Debug|x64 = Debug|x64
		Debug|x86 = Debug|x86
		Release|x64 = Release|x64
		Release|x86 = Release|x86
	EndGlobalSection
	GlobalSection(ProjectConfigurationPlatforms) = postSolution
		{F3EA1D65-26C2-4DAB-ADDA-46EB8D92CD7C}.Debug|x64.ActiveCfg = Debug|x64
		{F3EA1D65-26C2-4DAB-ADDA-46EB8D92CD7C}.Debug|x64.Build.0 = Debug|x64
		{F3EA1D65-26C2-4DAB-ADDA-46EB8D92CD7C}.Debug|x86.ActiveCfg = Debug|Win32
		{F3EA1D65-26C2-4DAB-ADDA-46EB8D92CD7C}.Debug|x86.Build.0 = Debug|Win32
		{F3EA1D65-26C2-4DAB-ADDA-46EB8D92CD7C}.Release|x64.ActiveCfg = Release|x64
		{F3EA1D65-26C2-4DAB-ADDA-46EB8D92CD7C}.Release|x64.Build.0 = Release|x64
		{F3EA1D65-26C2-4DAB-ADDA-46EB8D92CD7C}.Release|x86.ActiveCfg = Release|Win32
		{F3EA1D65-26C2-4DAB-ADDA-46EB8D92CD7C}.Release|x86.Build.0 = Release|Win32
		{16E4C316-E4B9-42B2-AD14-76988A641FC5}.Debug|x64.ActiveCfg = Debug|x64
		{16E4C316-E4B9-42B2-AD14-76988A641FC5}.Debug|x64.Build.0 = Debug|x64
		{16E4C316-E4B9-42B2-AD14-76988A641FC5}.Debug|x86.ActiveCfg = Debug|Win32
		{16E4C316-E4B9-42B2-AD14-76988A641FC5}.Debug|x86.Build.0 = Debug|Win32
		{16E4C316-E4B9-42B2-AD14-76988A641FC5}.Release|x64.ActiveCfg = Release|x64
		{16E4C316-E4B9-42B2-AD14-76988A641FC5}.Release|x64.Build.0 = Release|x64
		{16E4C316-E4B9-42B2-AD14-76988A641FC5}.Release|x86.ActiveCfg = Release|Win32
		{16E4C316-E4B9-42B2-AD14-76988A641FC5}.Release|x86.Build.0 = Release|Win32
		{049DD91E-80AC-4B92-B2C2-E5742A7F1A43}.Debug|x64.ActiveCfg = Debug|x64
		{049DD91E-80AC-4B92-B2C2-E5742A7F1A43}.Debug|x64.Build.0 = Debug|x64
		{049DD91E-80AC-4B92-B2C2-E5742A7F1A43}.Debug|x86.ActiveCfg = Debug|Win32
		{049DD91E-80AC-4B92-B2C2-E5742A7F1A43}.Debug|x86.Build.0 = Debug|Win32
		{049DD91E-80AC-4B92-B2C2-E5742A7F1A43}.Release|x64.ActiveCfg = Release|x64
		{049DD91E-80AC-4B92-B2C2-E5742A7F1A43}.Release|x64.Build.0 = Release|x64
		{049DD91E-80AC-4B92-B2C2-E5742A7F1A43}.Release|x86.ActiveCfg = Release|Win32
		{049DD91E-80AC-4B92-B2C2-E5742A7F1A43}.Release|x86.Build.0 = Release|Win32
		{4505CF53-14C6-4016-B741-06880C06A714}.Debug|x64.ActiveCfg = Debug|x64
		{4505CF53-14C6-4016-B741-06880C06A714}.Debug|x64.Build.0 = Debug|x64
		{4505CF53-14C6-4016-B741-06880C06A714}.Debug|x86.ActiveCfg = Debug|Win32
		{4505CF53-14C6-4016-B741-06880C06A714}.Debug|x86.Build.0 = Debug|Win32
		{4505CF53-14C6-4016-B741-06880C06A714}.Release|x64.ActiveCfg = Release|x64
		{4505CF53-14C6-4016-B741-06880C06A714}.Release|x64.Build.0 = Release|x64
		{4505CF53-14C6-4016-B741-06880C06A714}.Release|x86.ActiveCfg = Release|Win32
		{4505CF53-14C6-4016-B741-06880C06A714}.Release|x86.Build.0 = Release|Win32
		{DCF34441-4AD7-4975-A711-60B0EB24BF98}.Debug|x64.ActiveCfg = Debug|x64
		{DCF34441-4AD7-4975-A711-60B0EB24BF98}.Debug|x64.Build.0 = Debug|x64
		{DCF34441-4AD7-4975-A711-60B0EB24BF98}.Debug|x86.ActiveCfg = Debug|Win32
		{DCF34441-4AD7-4975-A711-60B0EB24BF98}.Debug|x86.Build.0 = Debug|Win32
		{DCF34441-4AD7-4975-A711-60B0EB24BF98}.Release|x64.ActiveCfg = Release|x64
		{DCF34441-4AD7-4975-A711-60B0EB24BF98}.Release|x64.Build.0 = Release|x64
		{DCF34441-4AD7-4975-A711-60B0EB24BF98}.Release|x86.ActiveCfg = Release|Win32
		{DCF34441-4AD7-4975-A711-60B0EB24BF98}.Release|x86.Build.0 = Release|Win32
		{72301E74-A607-42FF-937A-B9909260AEB4}.Debug|x64.ActiveCfg = Debug|x64
		{72301E74-A607-42FF-937A-B9909260AEB4}.Debug|x64.Build.0 = Debug|x64
		{72301E74-A607-42FF-937A-B9909260AEB4}.Debug|x86.ActiveCfg = Debug|Win32
		{72301E74-A607-42FF-937A-B9909260AEB4}.Debug|x86.Build.0 = Debug|Win32
		{72301E74-A607-42FF-937A-B9909260AEB4}.Release|x64.ActiveCfg = Release|x64
		{72301E74-A607-42FF-937A-B9909260AEB4}.Release|x64.Build.0 = Release|x64
		{72301E74-A607-42FF-937A-B9909260AEB4}.Release|x86.ActiveCfg = Release|Win32
		{72301E74-A607-42FF-937A-B9909260AEB4}.Release|x86.Build.0 = Release|Win32
		{C846B0F4-2203-4E34-B3ED-68837B57A0DA}.Debug|x64.ActiveCfg = Debug|x64
		{C846B0F4-2203-4E34-B3ED-68837B57A0DA}.Debug|x64.Build.0 = Debug|x64
		{C846B0F4-2203-4E34-B3ED-68837B57A0DA}.Debug|x86.ActiveCfg = Debug|Win32
		{C846B0F4-2203-4E34-B3ED-68837B57A0DA}.Debug|x86.Build.0 = Debug|Win32
		{C846B0F4-2203-4E34-B3ED-68837B57A0DA}.Release|x64.ActiveCfg = Release|x64
		{C846B0F4-2203-4E34-B3ED-68837B57A0DA}.Release|x64.Build.0 = Release|x64
		{C846B0F4-2203-4E34-B3ED-68837B57A0DA}.Release|x86.ActiveCfg = Release|Win32
		{C846B0F4-2203-4E34-B3ED-68837B57A0DA}.Release|x86.Build.0 = Release|Win32
		{E38D5F7A-BB77-4EB2-8DC9-8981E2890E58}.Debug|x64.ActiveCfg = Debug|x64
		{E38D5F7A-BB77-4EB2-8DC9-8981E2890E58}.Debug|x64.Build.0 = Debug|x64
		{E38D5F7A-BB77-4EB2-8DC9-8981E2890E58}.Debug|x86.ActiveCfg = Debug|Win32
		{E38D5F7A-BB77-4EB2-8DC9-8981E2890E58}.Debug|x86.Build.0 = Debug|Win32
		{E38D5F7A-BB77-4EB2-8DC9-8981E2890E58}.Release|x64.ActiveCfg = Release|x64
		{E38D5F7A-BB77-4EB2-8DC9-8981E2890E58}.Release|x64.Build.0 = Release|x64
		{E38D5F7A-BB77-4EB2-8DC9-8981E2890E58}.Release|x86.ActiveCfg = Release|Win32
		{E38D5F7A-BB77-4EB2-8DC9-8981E2890E58}.Release|x86.Build.0 = Release|Win32
	EndGlobalSection
	GlobalSection(SolutionProperties) = preSolution
		HideSolutionNode = FALSE
	EndGlobalSection
	GlobalSection(ExtensibilityGlobals) = postSolution
		SolutionGuid = {8AAC84A0-4E0A-466A-BC6F-E6E88F8C38A4}
	EndGlobalSection
EndGlobal
